
Microsoft Visual Studio Solution File, Format Version 12.00
# Visual Studio Version 17
VisualStudioVersion = 17.4.33213.308
MinimumVisualStudioVersion = 10.0.40219.1
Project("{9A19103F-16F7-4668-BE54-9A1E7A4F7556}") = "TeacherService", "TeacherService\TeacherService.csproj", "{6436877D-E402-4B7F-9B6D-4CF62BDFEACA}"
EndProject
Project("{9A19103F-16F7-4668-BE54-9A1E7A4F7556}") = "StudentService", "StudentService\StudentService.csproj", "{2507B9E7-DC89-4E2E-9E64-C3B072A79494}"
EndProject
Project("{9A19103F-16F7-4668-BE54-9A1E7A4F7556}") = "Gateway", "Gateway\Gateway.csproj", "{FB9AA3AE-CFC6-4346-B78D-552E72865C2B}"
EndProject
Project("{9A19103F-16F7-4668-BE54-9A1E7A4F7556}") = "Helper", "Helper\Helper.csproj", "{0E49981A-C61C-4CC7-B41C-50A6833443AE}"
EndProject
Global
	GlobalSection(SolutionConfigurationPlatforms) = preSolution
		Debug|Any CPU = Debug|Any CPU
		Release|Any CPU = Release|Any CPU
	EndGlobalSection
	GlobalSection(ProjectConfigurationPlatforms) = postSolution
		{6436877D-E402-4B7F-9B6D-4CF62BDFEACA}.Debug|Any CPU.ActiveCfg = Debug|Any CPU
		{6436877D-E402-4B7F-9B6D-4CF62BDFEACA}.Debug|Any CPU.Build.0 = Debug|Any CPU
		{6436877D-E402-4B7F-9B6D-4CF62BDFEACA}.Release|Any CPU.ActiveCfg = Release|Any CPU
		{6436877D-E402-4B7F-9B6D-4CF62BDFEACA}.Release|Any CPU.Build.0 = Release|Any CPU
		{2507B9E7-DC89-4E2E-9E64-C3B072A79494}.Debug|Any CPU.ActiveCfg = Debug|Any CPU
		{2507B9E7-DC89-4E2E-9E64-C3B072A79494}.Debug|Any CPU.Build.0 = Debug|Any CPU
		{2507B9E7-DC89-4E2E-9E64-C3B072A79494}.Release|Any CPU.ActiveCfg = Release|Any CPU
		{2507B9E7-DC89-4E2E-9E64-C3B072A79494}.Release|Any CPU.Build.0 = Release|Any CPU
		{FB9AA3AE-CFC6-4346-B78D-552E72865C2B}.Debug|Any CPU.ActiveCfg = Debug|Any CPU
		{FB9AA3AE-CFC6-4346-B78D-552E72865C2B}.Debug|Any CPU.Build.0 = Debug|Any CPU
		{FB9AA3AE-CFC6-4346-B78D-552E72865C2B}.Release|Any CPU.ActiveCfg = Release|Any CPU
		{FB9AA3AE-CFC6-4346-B78D-552E72865C2B}.Release|Any CPU.Build.0 = Release|Any CPU
		{0E49981A-C61C-4CC7-B41C-50A6833443AE}.Debug|Any CPU.ActiveCfg = Debug|Any CPU
		{0E49981A-C61C-4CC7-B41C-50A6833443AE}.Debug|Any CPU.Build.0 = Debug|Any CPU
		{0E49981A-C61C-4CC7-B41C-50A6833443AE}.Release|Any CPU.ActiveCfg = Release|Any CPU
		{0E49981A-C61C-4CC7-B41C-50A6833443AE}.Release|Any CPU.Build.0 = Release|Any CPU
	EndGlobalSection
	GlobalSection(SolutionProperties) = preSolution
		HideSolutionNode = FALSE
	EndGlobalSection
	GlobalSection(ExtensibilityGlobals) = postSolution
		SolutionGuid = {2B997B5C-841C-4953-9F65-B26545A5151D}
	EndGlobalSection
EndGlobal
